dependencies:
  espressif/button:
    component_hash: dddfbf885283f0415391c9851e3df613f77f7a3dac60e766ddbebd912854bce2
    source:
      service_url: https://api.components.espressif.com/
      type: service
    version: 3.4.1
  espressif/cmake_utilities:
    component_hash: 351350613ceafba240b761b4ea991e0f231ac7a9f59a9ee901f751bddc0bb18f
    source:
      service_url: https://api.components.espressif.com/
      type: service
    version: 0.5.3
  espressif/ssd1306:
    component_hash: 102cfc05b1b304862fa3f494e9dd955844bcc5f6cb16596e4ca5df3e6bf9fd0d
    source:
      service_url: https://api.components.espressif.com/
      type: service
    version: 1.0.5~1
  idf:
    component_hash: null
    source:
      type: idf
    version: 4.4.6
manifest_hash: 0980d28ab2faa8fc42e4383d49e3a65690da26af1c579a7ca069bab6757ae4da
target: esp32
version: 1.0.0
